
Microsoft Visual Studio Solution File, Format Version 12.00
# Visual Studio Version 16
VisualStudioVersion = 25.0.1706.1
MinimumVisualStudioVersion = 10.0.40219.1
Project("{FAE04EC0-301F-11D3-BF4B-00C04F79EFBC}") = "SportBids.Application", "src\SportBids.Application\SportBids.Application.csproj", "{C1FBCAE3-947F-4816-8EBB-1FE3D65625B6}"
EndProject
Project("{2150E333-8FDC-42A3-9474-1A3956D46DE8}") = "src", "src", "{3219DB10-251A-47B8-B6E0-258A0D21E0CD}"
EndProject
Project("{FAE04EC0-301F-11D3-BF4B-00C04F79EFBC}") = "SportBids.Domain", "src\SportBids.Domain\SportBids.Domain.csproj", "{FA04B7C5-0B50-4A7B-8F99-B33DCFE2297C}"
EndProject
Project("{FAE04EC0-301F-11D3-BF4B-00C04F79EFBC}") = "SportBids.Infrastructure", "src\SportBids.Infrastructure\SportBids.Infrastructure.csproj", "{12703FF4-A240-4A68-9D59-2F7DAFC8547F}"
EndProject
Project("{FAE04EC0-301F-11D3-BF4B-00C04F79EFBC}") = "SportBids.Api", "src\SportBids.Api\SportBids.Api.csproj", "{3E3A9E58-A3E8-40D8-8B8D-FCD55C7796A4}"
EndProject
Project("{2150E333-8FDC-42A3-9474-1A3956D46DE8}") = "tests", "tests", "{E93507B6-7896-4A6F-B3D5-3A575C5F45E9}"
EndProject
Project("{2150E333-8FDC-42A3-9474-1A3956D46DE8}") = "UnitTests", "UnitTests", "{13278BE9-56DE-4F88-9634-8EA7A313393D}"
EndProject
Project("{FAE04EC0-301F-11D3-BF4B-00C04F79EFBC}") = "SportBids.Application.UnitTests", "tests\UnitTests\SportBids.Application.UnitTests\SportBids.Application.UnitTests.csproj", "{B5E42D13-8230-4EFA-8961-3DEA7A629DFD}"
EndProject
Project("{2150E333-8FDC-42A3-9474-1A3956D46DE8}") = "IntegrationTests", "IntegrationTests", "{121FF663-0DEC-49EE-A011-CC2225941CD6}"
EndProject
Project("{FAE04EC0-301F-11D3-BF4B-00C04F79EFBC}") = "SportBids.Api.Contracts", "src\SportBids.Api.Contracts\SportBids.Api.Contracts.csproj", "{D1DE6F8B-49C2-419C-9691-57C7A19822C5}"
EndProject
Global
	GlobalSection(SolutionConfigurationPlatforms) = preSolution
		Debug|Any CPU = Debug|Any CPU
		Release|Any CPU = Release|Any CPU
	EndGlobalSection
	GlobalSection(ProjectConfigurationPlatforms) = postSolution
		{C1FBCAE3-947F-4816-8EBB-1FE3D65625B6}.Debug|Any CPU.ActiveCfg = Debug|Any CPU
		{C1FBCAE3-947F-4816-8EBB-1FE3D65625B6}.Debug|Any CPU.Build.0 = Debug|Any CPU
		{C1FBCAE3-947F-4816-8EBB-1FE3D65625B6}.Release|Any CPU.ActiveCfg = Release|Any CPU
		{C1FBCAE3-947F-4816-8EBB-1FE3D65625B6}.Release|Any CPU.Build.0 = Release|Any CPU
		{FA04B7C5-0B50-4A7B-8F99-B33DCFE2297C}.Debug|Any CPU.ActiveCfg = Debug|Any CPU
		{FA04B7C5-0B50-4A7B-8F99-B33DCFE2297C}.Debug|Any CPU.Build.0 = Debug|Any CPU
		{FA04B7C5-0B50-4A7B-8F99-B33DCFE2297C}.Release|Any CPU.ActiveCfg = Release|Any CPU
		{FA04B7C5-0B50-4A7B-8F99-B33DCFE2297C}.Release|Any CPU.Build.0 = Release|Any CPU
		{12703FF4-A240-4A68-9D59-2F7DAFC8547F}.Debug|Any CPU.ActiveCfg = Debug|Any CPU
		{12703FF4-A240-4A68-9D59-2F7DAFC8547F}.Debug|Any CPU.Build.0 = Debug|Any CPU
		{12703FF4-A240-4A68-9D59-2F7DAFC8547F}.Release|Any CPU.ActiveCfg = Release|Any CPU
		{12703FF4-A240-4A68-9D59-2F7DAFC8547F}.Release|Any CPU.Build.0 = Release|Any CPU
		{3E3A9E58-A3E8-40D8-8B8D-FCD55C7796A4}.Debug|Any CPU.ActiveCfg = Debug|Any CPU
		{3E3A9E58-A3E8-40D8-8B8D-FCD55C7796A4}.Debug|Any CPU.Build.0 = Debug|Any CPU
		{3E3A9E58-A3E8-40D8-8B8D-FCD55C7796A4}.Release|Any CPU.ActiveCfg = Release|Any CPU
		{3E3A9E58-A3E8-40D8-8B8D-FCD55C7796A4}.Release|Any CPU.Build.0 = Release|Any CPU
		{B5E42D13-8230-4EFA-8961-3DEA7A629DFD}.Debug|Any CPU.ActiveCfg = Debug|Any CPU
		{B5E42D13-8230-4EFA-8961-3DEA7A629DFD}.Debug|Any CPU.Build.0 = Debug|Any CPU
		{B5E42D13-8230-4EFA-8961-3DEA7A629DFD}.Release|Any CPU.ActiveCfg = Release|Any CPU
		{B5E42D13-8230-4EFA-8961-3DEA7A629DFD}.Release|Any CPU.Build.0 = Release|Any CPU
		{D1DE6F8B-49C2-419C-9691-57C7A19822C5}.Debug|Any CPU.ActiveCfg = Debug|Any CPU
		{D1DE6F8B-49C2-419C-9691-57C7A19822C5}.Debug|Any CPU.Build.0 = Debug|Any CPU
		{D1DE6F8B-49C2-419C-9691-57C7A19822C5}.Release|Any CPU.ActiveCfg = Release|Any CPU
		{D1DE6F8B-49C2-419C-9691-57C7A19822C5}.Release|Any CPU.Build.0 = Release|Any CPU
	EndGlobalSection
	GlobalSection(SolutionProperties) = preSolution
		HideSolutionNode = FALSE
	EndGlobalSection
	GlobalSection(ExtensibilityGlobals) = postSolution
		SolutionGuid = {E9F00FBD-8C16-4F6C-A1CE-879E02FF96ED}
	EndGlobalSection
	GlobalSection(NestedProjects) = preSolution
		{12703FF4-A240-4A68-9D59-2F7DAFC8547F} = {3219DB10-251A-47B8-B6E0-258A0D21E0CD}
		{C1FBCAE3-947F-4816-8EBB-1FE3D65625B6} = {3219DB10-251A-47B8-B6E0-258A0D21E0CD}
		{FA04B7C5-0B50-4A7B-8F99-B33DCFE2297C} = {3219DB10-251A-47B8-B6E0-258A0D21E0CD}
		{3E3A9E58-A3E8-40D8-8B8D-FCD55C7796A4} = {3219DB10-251A-47B8-B6E0-258A0D21E0CD}
		{13278BE9-56DE-4F88-9634-8EA7A313393D} = {E93507B6-7896-4A6F-B3D5-3A575C5F45E9}
		{B5E42D13-8230-4EFA-8961-3DEA7A629DFD} = {13278BE9-56DE-4F88-9634-8EA7A313393D}
		{121FF663-0DEC-49EE-A011-CC2225941CD6} = {E93507B6-7896-4A6F-B3D5-3A575C5F45E9}
		{D1DE6F8B-49C2-419C-9691-57C7A19822C5} = {3219DB10-251A-47B8-B6E0-258A0D21E0CD}
	EndGlobalSection
EndGlobal
